
Microsoft Visual Studio Solution File, Format Version 12.00
Project("{FAE04EC0-301F-11D3-BF4B-00C04F79EFBC}") = "ShoppingListApp.Client", "ShoppingListApp.Client\ShoppingListApp.Client.csproj", "{1F57286D-3F40-4322-9113-B9B08DE30AFF}"
EndProject
Project("{FAE04EC0-301F-11D3-BF4B-00C04F79EFBC}") = "ShoppingListApp.Models", "ShoppingListApp.Models\ShoppingListApp.Models.csproj", "{3BD08D39-8D45-4B00-8EB6-EAA3F89F438B}"
EndProject
Project("{FAE04EC0-301F-11D3-BF4B-00C04F79EFBC}") = "ShoppingListApp.Api", "ShoppingListApp.Api\ShoppingListApp.Api.csproj", "{385C6B5A-6071-4E75-BD7F-988700B5D9DC}"
EndProject
Project("{FAE04EC0-301F-11D3-BF4B-00C04F79EFBC}") = "ShoppingListApp.Api.UnitTests", "ShoppingListApp.Api.UnitTests\ShoppingListApp.Api.UnitTests.csproj", "{B941F79C-5893-426A-B977-D169C11D55F2}"
EndProject
Project("{FAE04EC0-301F-11D3-BF4B-00C04F79EFBC}") = "ShoppingListApp.Api.IntegrationTest", "ShoppingListApp.Api.IntegrationTest\ShoppingListApp.Api.IntegrationTest.csproj", "{A4C597B8-23C9-40A5-862D-A010ABE665C8}"
EndProject
Project("{FAE04EC0-301F-11D3-BF4B-00C04F79EFBC}") = "ShoppingListApp.Client.UnitTests", "ShoppingListApp.Client.UnitTests\ShoppingListApp.Client.UnitTests.csproj", "{A1D4119A-4E2F-4A1F-8A4F-B04613DEF983}"
EndProject
Global
	GlobalSection(SolutionConfigurationPlatforms) = preSolution
		Debug|Any CPU = Debug|Any CPU
		Release|Any CPU = Release|Any CPU
	EndGlobalSection
	GlobalSection(ProjectConfigurationPlatforms) = postSolution
		{1F57286D-3F40-4322-9113-B9B08DE30AFF}.Debug|Any CPU.ActiveCfg = Debug|Any CPU
		{1F57286D-3F40-4322-9113-B9B08DE30AFF}.Debug|Any CPU.Build.0 = Debug|Any CPU
		{1F57286D-3F40-4322-9113-B9B08DE30AFF}.Release|Any CPU.ActiveCfg = Release|Any CPU
		{1F57286D-3F40-4322-9113-B9B08DE30AFF}.Release|Any CPU.Build.0 = Release|Any CPU
		{3BD08D39-8D45-4B00-8EB6-EAA3F89F438B}.Debug|Any CPU.ActiveCfg = Debug|Any CPU
		{3BD08D39-8D45-4B00-8EB6-EAA3F89F438B}.Debug|Any CPU.Build.0 = Debug|Any CPU
		{3BD08D39-8D45-4B00-8EB6-EAA3F89F438B}.Release|Any CPU.ActiveCfg = Release|Any CPU
		{3BD08D39-8D45-4B00-8EB6-EAA3F89F438B}.Release|Any CPU.Build.0 = Release|Any CPU
		{385C6B5A-6071-4E75-BD7F-988700B5D9DC}.Debug|Any CPU.ActiveCfg = Debug|Any CPU
		{385C6B5A-6071-4E75-BD7F-988700B5D9DC}.Debug|Any CPU.Build.0 = Debug|Any CPU
		{385C6B5A-6071-4E75-BD7F-988700B5D9DC}.Release|Any CPU.ActiveCfg = Release|Any CPU
		{385C6B5A-6071-4E75-BD7F-988700B5D9DC}.Release|Any CPU.Build.0 = Release|Any CPU
		{B941F79C-5893-426A-B977-D169C11D55F2}.Debug|Any CPU.ActiveCfg = Debug|Any CPU
		{B941F79C-5893-426A-B977-D169C11D55F2}.Debug|Any CPU.Build.0 = Debug|Any CPU
		{B941F79C-5893-426A-B977-D169C11D55F2}.Release|Any CPU.ActiveCfg = Release|Any CPU
		{B941F79C-5893-426A-B977-D169C11D55F2}.Release|Any CPU.Build.0 = Release|Any CPU
		{A4C597B8-23C9-40A5-862D-A010ABE665C8}.Debug|Any CPU.ActiveCfg = Debug|Any CPU
		{A4C597B8-23C9-40A5-862D-A010ABE665C8}.Debug|Any CPU.Build.0 = Debug|Any CPU
		{A4C597B8-23C9-40A5-862D-A010ABE665C8}.Release|Any CPU.ActiveCfg = Release|Any CPU
		{A4C597B8-23C9-40A5-862D-A010ABE665C8}.Release|Any CPU.Build.0 = Release|Any CPU
		{A1D4119A-4E2F-4A1F-8A4F-B04613DEF983}.Debug|Any CPU.ActiveCfg = Debug|Any CPU
		{A1D4119A-4E2F-4A1F-8A4F-B04613DEF983}.Debug|Any CPU.Build.0 = Debug|Any CPU
		{A1D4119A-4E2F-4A1F-8A4F-B04613DEF983}.Release|Any CPU.ActiveCfg = Release|Any CPU
		{A1D4119A-4E2F-4A1F-8A4F-B04613DEF983}.Release|Any CPU.Build.0 = Release|Any CPU
	EndGlobalSection
EndGlobal
